
Microsoft Visual Studio Solution File, Format Version 12.00
# Visual Studio 15
VisualStudioVersion = 15.0.28307.168
MinimumVisualStudioVersion = 10.0.40219.1
Project("{FAE04EC0-301F-11D3-BF4B-00C04F79EFBC}") = "Pirates", "Pirates\Pirates.csproj", "{047FEBB8-5D33-4088-B197-93B12D946D67}"
EndProject
Global
	GlobalSection(SolutionConfigurationPlatforms) = preSolution
		Debug|Any CPU = Debug|Any CPU
		Release|Any CPU = Release|Any CPU
	EndGlobalSection
	GlobalSection(ProjectConfigurationPlatforms) = postSolution
		{047FEBB8-5D33-4088-B197-93B12D946D67}.Debug|Any CPU.ActiveCfg = Debug|Any CPU
		{047FEBB8-5D33-4088-B197-93B12D946D67}.Debug|Any CPU.Build.0 = Debug|Any CPU
		{047FEBB8-5D33-4088-B197-93B12D946D67}.Release|Any CPU.ActiveCfg = Release|Any CPU
		{047FEBB8-5D33-4088-B197-93B12D946D67}.Release|Any CPU.Build.0 = Release|Any CPU
	EndGlobalSection
	GlobalSection(SolutionProperties) = preSolution
		HideSolutionNode = FALSE
	EndGlobalSection
	GlobalSection(ExtensibilityGlobals) = postSolution
		SolutionGuid = {7D33D710-F81D-4A5C-898A-26B161B7AA28}
	EndGlobalSection
EndGlobal
